
Microsoft Visual Studio Solution File, Format Version 12.00
# Visual Studio Version 17
VisualStudioVersion = 17.5.2.0
MinimumVisualStudioVersion = 10.0.40219.1
Project("{FAE04EC0-301F-11D3-BF4B-00C04F79EFBC}") = "FileTidy.Core", "FileTidy.Core\FileTidy.Core.csproj", "{3EEAE613-02F1-4A3C-9C8A-DBF0E1A57548}"
EndProject
Project("{FAE04EC0-301F-11D3-BF4B-00C04F79EFBC}") = "FileTidy.CLI", "FileTidy.CLI\FileTidy.CLI.csproj", "{B0492035-60BC-4BB3-9F27-CD9984114640}"
EndProject
Project("{FAE04EC0-301F-11D3-BF4B-00C04F79EFBC}") = "FileTidy.GUI", "FileTidy.GUI\FileTidy.GUI.csproj", "{7BD216E8-171D-4EDD-8962-E7AE5FB40429}"
EndProject
Project("{FAE04EC0-301F-11D3-BF4B-00C04F79EFBC}") = "FileTidy.Data", "FileTidy.Data\FileTidy.Data.csproj", "{3CD2B4DA-C915-4422-8EE5-2567B0249D40}"
EndProject
Project("{FAE04EC0-301F-11D3-BF4B-00C04F79EFBC}") = "FileTidy.Data.Tests", "FileTidy.Tests\FileTidy.Data.Tests\FileTidy.Data.Tests.csproj", "{2F3A4874-AC1D-4058-8454-2DAF2B443AE3}"
EndProject
Project("{FAE04EC0-301F-11D3-BF4B-00C04F79EFBC}") = "FileTidy.Core.Tests", "FileTidy.Core.Tests\FileTidy.Core.Tests.csproj", "{73A8CC22-A2A3-4D76-B071-308C66CC1F09}"
EndProject
Project("{FAE04EC0-301F-11D3-BF4B-00C04F79EFBC}") = "FileTidy.Gui.Tests", "FileTidy.Gui.Tests\FileTidy.Gui.Tests.csproj", "{4CBFCA47-838F-4614-B393-35B428D16DF5}"
EndProject
Global
	GlobalSection(SolutionConfigurationPlatforms) = preSolution
		Debug|Any CPU = Debug|Any CPU
		Debug|x64 = Debug|x64
		Debug|x86 = Debug|x86
		Release|Any CPU = Release|Any CPU
		Release|x64 = Release|x64
		Release|x86 = Release|x86
	EndGlobalSection
	GlobalSection(ProjectConfigurationPlatforms) = postSolution
		{3EEAE613-02F1-4A3C-9C8A-DBF0E1A57548}.Debug|Any CPU.ActiveCfg = Debug|Any CPU
		{3EEAE613-02F1-4A3C-9C8A-DBF0E1A57548}.Debug|Any CPU.Build.0 = Debug|Any CPU
		{3EEAE613-02F1-4A3C-9C8A-DBF0E1A57548}.Debug|x64.ActiveCfg = Debug|Any CPU
		{3EEAE613-02F1-4A3C-9C8A-DBF0E1A57548}.Debug|x64.Build.0 = Debug|Any CPU
		{3EEAE613-02F1-4A3C-9C8A-DBF0E1A57548}.Debug|x86.ActiveCfg = Debug|Any CPU
		{3EEAE613-02F1-4A3C-9C8A-DBF0E1A57548}.Debug|x86.Build.0 = Debug|Any CPU
		{3EEAE613-02F1-4A3C-9C8A-DBF0E1A57548}.Release|Any CPU.ActiveCfg = Release|Any CPU
		{3EEAE613-02F1-4A3C-9C8A-DBF0E1A57548}.Release|Any CPU.Build.0 = Release|Any CPU
		{3EEAE613-02F1-4A3C-9C8A-DBF0E1A57548}.Release|x64.ActiveCfg = Release|Any CPU
		{3EEAE613-02F1-4A3C-9C8A-DBF0E1A57548}.Release|x64.Build.0 = Release|Any CPU
		{3EEAE613-02F1-4A3C-9C8A-DBF0E1A57548}.Release|x86.ActiveCfg = Release|Any CPU
		{3EEAE613-02F1-4A3C-9C8A-DBF0E1A57548}.Release|x86.Build.0 = Release|Any CPU
		{B0492035-60BC-4BB3-9F27-CD9984114640}.Debug|Any CPU.ActiveCfg = Debug|Any CPU
		{B0492035-60BC-4BB3-9F27-CD9984114640}.Debug|Any CPU.Build.0 = Debug|Any CPU
		{B0492035-60BC-4BB3-9F27-CD9984114640}.Debug|x64.ActiveCfg = Debug|Any CPU
		{B0492035-60BC-4BB3-9F27-CD9984114640}.Debug|x64.Build.0 = Debug|Any CPU
		{B0492035-60BC-4BB3-9F27-CD9984114640}.Debug|x86.ActiveCfg = Debug|Any CPU
		{B0492035-60BC-4BB3-9F27-CD9984114640}.Debug|x86.Build.0 = Debug|Any CPU
		{B0492035-60BC-4BB3-9F27-CD9984114640}.Release|Any CPU.ActiveCfg = Release|Any CPU
		{B0492035-60BC-4BB3-9F27-CD9984114640}.Release|Any CPU.Build.0 = Release|Any CPU
		{B0492035-60BC-4BB3-9F27-CD9984114640}.Release|x64.ActiveCfg = Release|Any CPU
		{B0492035-60BC-4BB3-9F27-CD9984114640}.Release|x64.Build.0 = Release|Any CPU
		{B0492035-60BC-4BB3-9F27-CD9984114640}.Release|x86.ActiveCfg = Release|Any CPU
		{B0492035-60BC-4BB3-9F27-CD9984114640}.Release|x86.Build.0 = Release|Any CPU
		{7BD216E8-171D-4EDD-8962-E7AE5FB40429}.Debug|Any CPU.ActiveCfg = Debug|Any CPU
		{7BD216E8-171D-4EDD-8962-E7AE5FB40429}.Debug|Any CPU.Build.0 = Debug|Any CPU
		{7BD216E8-171D-4EDD-8962-E7AE5FB40429}.Debug|x64.ActiveCfg = Debug|Any CPU
		{7BD216E8-171D-4EDD-8962-E7AE5FB40429}.Debug|x64.Build.0 = Debug|Any CPU
		{7BD216E8-171D-4EDD-8962-E7AE5FB40429}.Debug|x86.ActiveCfg = Debug|Any CPU
		{7BD216E8-171D-4EDD-8962-E7AE5FB40429}.Debug|x86.Build.0 = Debug|Any CPU
		{7BD216E8-171D-4EDD-8962-E7AE5FB40429}.Release|Any CPU.ActiveCfg = Release|Any CPU
		{7BD216E8-171D-4EDD-8962-E7AE5FB40429}.Release|Any CPU.Build.0 = Release|Any CPU
		{7BD216E8-171D-4EDD-8962-E7AE5FB40429}.Release|x64.ActiveCfg = Release|Any CPU
		{7BD216E8-171D-4EDD-8962-E7AE5FB40429}.Release|x64.Build.0 = Release|Any CPU
		{7BD216E8-171D-4EDD-8962-E7AE5FB40429}.Release|x86.ActiveCfg = Release|Any CPU
		{7BD216E8-171D-4EDD-8962-E7AE5FB40429}.Release|x86.Build.0 = Release|Any CPU
		{3CD2B4DA-C915-4422-8EE5-2567B0249D40}.Debug|Any CPU.ActiveCfg = Debug|Any CPU
		{3CD2B4DA-C915-4422-8EE5-2567B0249D40}.Debug|Any CPU.Build.0 = Debug|Any CPU
		{3CD2B4DA-C915-4422-8EE5-2567B0249D40}.Debug|x64.ActiveCfg = Debug|Any CPU
		{3CD2B4DA-C915-4422-8EE5-2567B0249D40}.Debug|x64.Build.0 = Debug|Any CPU
		{3CD2B4DA-C915-4422-8EE5-2567B0249D40}.Debug|x86.ActiveCfg = Debug|Any CPU
		{3CD2B4DA-C915-4422-8EE5-2567B0249D40}.Debug|x86.Build.0 = Debug|Any CPU
		{3CD2B4DA-C915-4422-8EE5-2567B0249D40}.Release|Any CPU.ActiveCfg = Release|Any CPU
		{3CD2B4DA-C915-4422-8EE5-2567B0249D40}.Release|Any CPU.Build.0 = Release|Any CPU
		{3CD2B4DA-C915-4422-8EE5-2567B0249D40}.Release|x64.ActiveCfg = Release|Any CPU
		{3CD2B4DA-C915-4422-8EE5-2567B0249D40}.Release|x64.Build.0 = Release|Any CPU
		{3CD2B4DA-C915-4422-8EE5-2567B0249D40}.Release|x86.ActiveCfg = Release|Any CPU
		{3CD2B4DA-C915-4422-8EE5-2567B0249D40}.Release|x86.Build.0 = Release|Any CPU
		{2F3A4874-AC1D-4058-8454-2DAF2B443AE3}.Debug|Any CPU.ActiveCfg = Debug|Any CPU
		{2F3A4874-AC1D-4058-8454-2DAF2B443AE3}.Debug|Any CPU.Build.0 = Debug|Any CPU
		{2F3A4874-AC1D-4058-8454-2DAF2B443AE3}.Debug|x64.ActiveCfg = Debug|Any CPU
		{2F3A4874-AC1D-4058-8454-2DAF2B443AE3}.Debug|x64.Build.0 = Debug|Any CPU
		{2F3A4874-AC1D-4058-8454-2DAF2B443AE3}.Debug|x86.ActiveCfg = Debug|Any CPU
		{2F3A4874-AC1D-4058-8454-2DAF2B443AE3}.Debug|x86.Build.0 = Debug|Any CPU
		{2F3A4874-AC1D-4058-8454-2DAF2B443AE3}.Release|Any CPU.ActiveCfg = Release|Any CPU
		{2F3A4874-AC1D-4058-8454-2DAF2B443AE3}.Release|Any CPU.Build.0 = Release|Any CPU
		{2F3A4874-AC1D-4058-8454-2DAF2B443AE3}.Release|x64.ActiveCfg = Release|Any CPU
		{2F3A4874-AC1D-4058-8454-2DAF2B443AE3}.Release|x64.Build.0 = Release|Any CPU
		{2F3A4874-AC1D-4058-8454-2DAF2B443AE3}.Release|x86.ActiveCfg = Release|Any CPU
		{2F3A4874-AC1D-4058-8454-2DAF2B443AE3}.Release|x86.Build.0 = Release|Any CPU
		{73A8CC22-A2A3-4D76-B071-308C66CC1F09}.Debug|Any CPU.ActiveCfg = Debug|Any CPU
		{73A8CC22-A2A3-4D76-B071-308C66CC1F09}.Debug|Any CPU.Build.0 = Debug|Any CPU
		{73A8CC22-A2A3-4D76-B071-308C66CC1F09}.Debug|x64.ActiveCfg = Debug|Any CPU
		{73A8CC22-A2A3-4D76-B071-308C66CC1F09}.Debug|x64.Build.0 = Debug|Any CPU
		{73A8CC22-A2A3-4D76-B071-308C66CC1F09}.Debug|x86.ActiveCfg = Debug|Any CPU
		{73A8CC22-A2A3-4D76-B071-308C66CC1F09}.Debug|x86.Build.0 = Debug|Any CPU
		{73A8CC22-A2A3-4D76-B071-308C66CC1F09}.Release|Any CPU.ActiveCfg = Release|Any CPU
		{73A8CC22-A2A3-4D76-B071-308C66CC1F09}.Release|Any CPU.Build.0 = Release|Any CPU
		{73A8CC22-A2A3-4D76-B071-308C66CC1F09}.Release|x64.ActiveCfg = Release|Any CPU
		{73A8CC22-A2A3-4D76-B071-308C66CC1F09}.Release|x64.Build.0 = Release|Any CPU
		{73A8CC22-A2A3-4D76-B071-308C66CC1F09}.Release|x86.ActiveCfg = Release|Any CPU
		{73A8CC22-A2A3-4D76-B071-308C66CC1F09}.Release|x86.Build.0 = Release|Any CPU
		{4CBFCA47-838F-4614-B393-35B428D16DF5}.Debug|Any CPU.ActiveCfg = Debug|Any CPU
		{4CBFCA47-838F-4614-B393-35B428D16DF5}.Debug|Any CPU.Build.0 = Debug|Any CPU
		{4CBFCA47-838F-4614-B393-35B428D16DF5}.Debug|x64.ActiveCfg = Debug|Any CPU
		{4CBFCA47-838F-4614-B393-35B428D16DF5}.Debug|x64.Build.0 = Debug|Any CPU
		{4CBFCA47-838F-4614-B393-35B428D16DF5}.Debug|x86.ActiveCfg = Debug|Any CPU
		{4CBFCA47-838F-4614-B393-35B428D16DF5}.Debug|x86.Build.0 = Debug|Any CPU
		{4CBFCA47-838F-4614-B393-35B428D16DF5}.Release|Any CPU.ActiveCfg = Release|Any CPU
		{4CBFCA47-838F-4614-B393-35B428D16DF5}.Release|Any CPU.Build.0 = Release|Any CPU
		{4CBFCA47-838F-4614-B393-35B428D16DF5}.Release|x64.ActiveCfg = Release|Any CPU
		{4CBFCA47-838F-4614-B393-35B428D16DF5}.Release|x64.Build.0 = Release|Any CPU
		{4CBFCA47-838F-4614-B393-35B428D16DF5}.Release|x86.ActiveCfg = Release|Any CPU
		{4CBFCA47-838F-4614-B393-35B428D16DF5}.Release|x86.Build.0 = Release|Any CPU
	EndGlobalSection
	GlobalSection(SolutionProperties) = preSolution
		HideSolutionNode = FALSE
	EndGlobalSection
	GlobalSection(ExtensibilityGlobals) = postSolution
		SolutionGuid = {3C11369B-2062-4179-BED5-78DD4D41481F}
	EndGlobalSection
EndGlobal
